
Microsoft Visual Studio Solution File, Format Version 12.00
# Visual Studio 15
VisualStudioVersion = 15.0.27130.2036
MinimumVisualStudioVersion = 10.0.40219.1
Project("{FAE04EC0-301F-11D3-BF4B-00C04F79EFBC}") = "FileManagement", "FileManagement\FileManagement.csproj", "{7E6117CC-1806-4A9D-8584-1A1EAE46E28A}"
EndProject
Global
	GlobalSection(SolutionConfigurationPlatforms) = preSolution
		Debug|Any CPU = Debug|Any CPU
		Release|Any CPU = Release|Any CPU
	EndGlobalSection
	GlobalSection(ProjectConfigurationPlatforms) = postSolution
		{7E6117CC-1806-4A9D-8584-1A1EAE46E28A}.Debug|Any CPU.ActiveCfg = Debug|Any CPU
		{7E6117CC-1806-4A9D-8584-1A1EAE46E28A}.Debug|Any CPU.Build.0 = Debug|Any CPU
		{7E6117CC-1806-4A9D-8584-1A1EAE46E28A}.Release|Any CPU.ActiveCfg = Release|Any CPU
		{7E6117CC-1806-4A9D-8584-1A1EAE46E28A}.Release|Any CPU.Build.0 = Release|Any CPU
	EndGlobalSection
	GlobalSection(SolutionProperties) = preSolution
		HideSolutionNode = FALSE
	EndGlobalSection
	GlobalSection(ExtensibilityGlobals) = postSolution
		SolutionGuid = {643B220E-3969-4258-B25F-41D3848AF285}
	EndGlobalSection
EndGlobal
